# THIS IS AN AUTOGENERATED FILE. DO NOT EDIT THIS FILE DIRECTLY.
# yarn lockfile v1


httpie@^0.3.0:
  version "0.3.0"
  resolved "https://registry.yarnpkg.com/httpie/-/httpie-0.3.0.tgz#7c40ae66d73f91b5193f9217e5ca50de424efb94"
  integrity sha512-XJHWFWVuG7+lQ65+cg6KkfRfANrSYjwPMhGWloTRvnrb8LeHo3yOTUax5pngV4tJTkv701WVCG7hUG2JahiAew==
